
Microsoft Visual Studio Solution File, Format Version 12.00
# Visual Studio Version 16
VisualStudioVersion = 16.0.32929.386
MinimumVisualStudioVersion = 10.0.40219.1
Project("{FAE04EC0-301F-11D3-BF4B-00C04F79EFBC}") = "MD5_Hash", "MD5_Hash\MD5_Hash.csproj", "{402E0A6D-6227-49F0-AFF8-187254765A21}"
EndProject
Global
	GlobalSection(SolutionConfigurationPlatforms) = preSolution
		Debug|Any CPU = Debug|Any CPU
		Release|Any CPU = Release|Any CPU
	EndGlobalSection
	GlobalSection(ProjectConfigurationPlatforms) = postSolution
		{402E0A6D-6227-49F0-AFF8-187254765A21}.Debug|Any CPU.ActiveCfg = Debug|Any CPU
		{402E0A6D-6227-49F0-AFF8-187254765A21}.Debug|Any CPU.Build.0 = Debug|Any CPU
		{402E0A6D-6227-49F0-AFF8-187254765A21}.Release|Any CPU.ActiveCfg = Release|Any CPU
		{402E0A6D-6227-49F0-AFF8-187254765A21}.Release|Any CPU.Build.0 = Release|Any CPU
	EndGlobalSection
	GlobalSection(SolutionProperties) = preSolution
		HideSolutionNode = FALSE
	EndGlobalSection
	GlobalSection(ExtensibilityGlobals) = postSolution
		SolutionGuid = {154BD9CB-955B-4ADD-AECE-0DAACE631CA6}
	EndGlobalSection
EndGlobal
